
Microsoft Visual Studio Solution File, Format Version 12.00
# Visual Studio 15
Project("{FAE04EC0-301F-11D3-BF4B-00C04F79EFBC}") = "Assembly-CSharp", "Assembly-CSharp.csproj", "{DC80F627-09E9-7223-EEAD-A89D4EEAFD25}"
EndProject
Project("{FAE04EC0-301F-11D3-BF4B-00C04F79EFBC}") = "Assembly-CSharp-firstpass", "Assembly-CSharp-firstpass.csproj", "{5F5FAFCF-C3FF-7FED-1757-4A565014486C}"
EndProject
Project("{FAE04EC0-301F-11D3-BF4B-00C04F79EFBC}") = "Assembly-CSharp-Editor", "Assembly-CSharp-Editor.csproj", "{310A6737-6EDE-1A98-6CD3-E9B74A573A47}"
EndProject
Global
	GlobalSection(SolutionConfigurationPlatforms) = preSolution
		Debug|Any CPU = Debug|Any CPU
		Release|Any CPU = Release|Any CPU
	EndGlobalSection
	GlobalSection(ProjectConfigurationPlatforms) = postSolution
		{DC80F627-09E9-7223-EEAD-A89D4EEAFD25}.Debug|Any CPU.ActiveCfg = Debug|Any CPU
		{DC80F627-09E9-7223-EEAD-A89D4EEAFD25}.Debug|Any CPU.Build.0 = Debug|Any CPU
		{DC80F627-09E9-7223-EEAD-A89D4EEAFD25}.Release|Any CPU.ActiveCfg = Release|Any CPU
		{DC80F627-09E9-7223-EEAD-A89D4EEAFD25}.Release|Any CPU.Build.0 = Release|Any CPU
		{5F5FAFCF-C3FF-7FED-1757-4A565014486C}.Debug|Any CPU.ActiveCfg = Debug|Any CPU
		{5F5FAFCF-C3FF-7FED-1757-4A565014486C}.Debug|Any CPU.Build.0 = Debug|Any CPU
		{5F5FAFCF-C3FF-7FED-1757-4A565014486C}.Release|Any CPU.ActiveCfg = Release|Any CPU
		{5F5FAFCF-C3FF-7FED-1757-4A565014486C}.Release|Any CPU.Build.0 = Release|Any CPU
		{310A6737-6EDE-1A98-6CD3-E9B74A573A47}.Debug|Any CPU.ActiveCfg = Debug|Any CPU
		{310A6737-6EDE-1A98-6CD3-E9B74A573A47}.Debug|Any CPU.Build.0 = Debug|Any CPU
		{310A6737-6EDE-1A98-6CD3-E9B74A573A47}.Release|Any CPU.ActiveCfg = Release|Any CPU
		{310A6737-6EDE-1A98-6CD3-E9B74A573A47}.Release|Any CPU.Build.0 = Release|Any CPU
	EndGlobalSection
	GlobalSection(SolutionProperties) = preSolution
		HideSolutionNode = FALSE
	EndGlobalSection
EndGlobal
