
Microsoft Visual Studio Solution File, Format Version 12.00
# Visual Studio 15
Project("{FAE04EC0-301F-11D3-BF4B-00C04F79EFBC}") = "Wars", "Wars.csproj", "{CDEA05C7-30DA-E7C6-D413-BB0E9E9A2F77}"
EndProject
Project("{FAE04EC0-301F-11D3-BF4B-00C04F79EFBC}") = "Stable", "Stable.csproj", "{AC234A4D-0A50-E428-EDF9-8F813C1B07C8}"
EndProject
Project("{FAE04EC0-301F-11D3-BF4B-00C04F79EFBC}") = "Antlr4", "Antlr4.csproj", "{3A9877E0-876B-3D9A-0CE8-D89551A1FD06}"
EndProject
Project("{FAE04EC0-301F-11D3-BF4B-00C04F79EFBC}") = "CommandLine", "CommandLine.csproj", "{B9BAA2CF-1FB4-BFC1-2356-298545C86CC5}"
EndProject
Project("{FAE04EC0-301F-11D3-BF4B-00C04F79EFBC}") = "PriorityQueue", "PriorityQueue.csproj", "{D3A012FB-0B86-F2B4-3ADB-4A59D5E1CFFC}"
EndProject
Project("{FAE04EC0-301F-11D3-BF4B-00C04F79EFBC}") = "NGettext", "NGettext.csproj", "{E3A7C3D3-8DE8-D58C-B33C-A6E0E3C96401}"
EndProject
Project("{FAE04EC0-301F-11D3-BF4B-00C04F79EFBC}") = "ALINE", "ALINE.csproj", "{6072443B-104B-4540-3E9F-0F5A8859983A}"
EndProject
Project("{FAE04EC0-301F-11D3-BF4B-00C04F79EFBC}") = "Assembly-CSharp", "Assembly-CSharp.csproj", "{DC80F627-09E9-7223-EEAD-A89D4EEAFD25}"
EndProject
Project("{FAE04EC0-301F-11D3-BF4B-00C04F79EFBC}") = "DOTween.Modules", "DOTween.Modules.csproj", "{749ECDF8-0116-96DD-87AB-1CDBE561B5B5}"
EndProject
Project("{FAE04EC0-301F-11D3-BF4B-00C04F79EFBC}") = "SDFToolkit", "SDFToolkit.csproj", "{FD5168FD-3AD0-3261-2E86-6A707FC31825}"
EndProject
Project("{FAE04EC0-301F-11D3-BF4B-00C04F79EFBC}") = "ExpressionEvaluator", "ExpressionEvaluator.csproj", "{B9855671-BCCE-78F6-DEAD-D33022BB204F}"
EndProject
Project("{FAE04EC0-301F-11D3-BF4B-00C04F79EFBC}") = "SerializableDictionary", "SerializableDictionary.csproj", "{F2CB2825-47FE-F672-8962-6BEDDBB0CDA3}"
EndProject
Project("{FAE04EC0-301F-11D3-BF4B-00C04F79EFBC}") = "CommandLineEditor", "CommandLineEditor.csproj", "{C0FD19F8-DF91-9C1E-1A05-D8E199059134}"
EndProject
Project("{FAE04EC0-301F-11D3-BF4B-00C04F79EFBC}") = "ALINEEditor", "ALINEEditor.csproj", "{9B44A204-CCC7-37F0-FCA8-A9C0695F60CF}"
EndProject
Project("{FAE04EC0-301F-11D3-BF4B-00C04F79EFBC}") = "FullscreenEditor", "FullscreenEditor.csproj", "{63C166EA-6EC1-96DD-3D67-E5C567917BA9}"
EndProject
Project("{FAE04EC0-301F-11D3-BF4B-00C04F79EFBC}") = "WarsEditor", "WarsEditor.csproj", "{1C54B8D5-41F4-808D-7FBD-E1596386E42D}"
EndProject
Project("{FAE04EC0-301F-11D3-BF4B-00C04F79EFBC}") = "FoliageEditor", "FoliageEditor.csproj", "{649F970B-0964-6B50-A265-67092679B5F9}"
EndProject
Project("{FAE04EC0-301F-11D3-BF4B-00C04F79EFBC}") = "ALINEPackageToolsEditor", "ALINEPackageToolsEditor.csproj", "{FF37C9AC-72BE-9660-E219-B39FDC0D4207}"
EndProject
Project("{FAE04EC0-301F-11D3-BF4B-00C04F79EFBC}") = "SerializableDictionaryEditor", "SerializableDictionaryEditor.csproj", "{6282A4ED-D704-577B-95D3-F3C55C2E62C6}"
EndProject
Project("{FAE04EC0-301F-11D3-BF4B-00C04F79EFBC}") = "SDFToolkitEditor", "SDFToolkitEditor.csproj", "{8588DB26-F07A-FA54-2D8E-6C26E0D81B78}"
EndProject
Global
	GlobalSection(SolutionConfigurationPlatforms) = preSolution
		Debug|Any CPU = Debug|Any CPU
		Release|Any CPU = Release|Any CPU
	EndGlobalSection
	GlobalSection(ProjectConfigurationPlatforms) = postSolution
		{CDEA05C7-30DA-E7C6-D413-BB0E9E9A2F77}.Debug|Any CPU.ActiveCfg = Debug|Any CPU
		{CDEA05C7-30DA-E7C6-D413-BB0E9E9A2F77}.Debug|Any CPU.Build.0 = Debug|Any CPU
		{CDEA05C7-30DA-E7C6-D413-BB0E9E9A2F77}.Release|Any CPU.ActiveCfg = Release|Any CPU
		{CDEA05C7-30DA-E7C6-D413-BB0E9E9A2F77}.Release|Any CPU.Build.0 = Release|Any CPU
		{AC234A4D-0A50-E428-EDF9-8F813C1B07C8}.Debug|Any CPU.ActiveCfg = Debug|Any CPU
		{AC234A4D-0A50-E428-EDF9-8F813C1B07C8}.Debug|Any CPU.Build.0 = Debug|Any CPU
		{AC234A4D-0A50-E428-EDF9-8F813C1B07C8}.Release|Any CPU.ActiveCfg = Release|Any CPU
		{AC234A4D-0A50-E428-EDF9-8F813C1B07C8}.Release|Any CPU.Build.0 = Release|Any CPU
		{3A9877E0-876B-3D9A-0CE8-D89551A1FD06}.Debug|Any CPU.ActiveCfg = Debug|Any CPU
		{3A9877E0-876B-3D9A-0CE8-D89551A1FD06}.Debug|Any CPU.Build.0 = Debug|Any CPU
		{3A9877E0-876B-3D9A-0CE8-D89551A1FD06}.Release|Any CPU.ActiveCfg = Release|Any CPU
		{3A9877E0-876B-3D9A-0CE8-D89551A1FD06}.Release|Any CPU.Build.0 = Release|Any CPU
		{B9BAA2CF-1FB4-BFC1-2356-298545C86CC5}.Debug|Any CPU.ActiveCfg = Debug|Any CPU
		{B9BAA2CF-1FB4-BFC1-2356-298545C86CC5}.Debug|Any CPU.Build.0 = Debug|Any CPU
		{B9BAA2CF-1FB4-BFC1-2356-298545C86CC5}.Release|Any CPU.ActiveCfg = Release|Any CPU
		{B9BAA2CF-1FB4-BFC1-2356-298545C86CC5}.Release|Any CPU.Build.0 = Release|Any CPU
		{D3A012FB-0B86-F2B4-3ADB-4A59D5E1CFFC}.Debug|Any CPU.ActiveCfg = Debug|Any CPU
		{D3A012FB-0B86-F2B4-3ADB-4A59D5E1CFFC}.Debug|Any CPU.Build.0 = Debug|Any CPU
		{D3A012FB-0B86-F2B4-3ADB-4A59D5E1CFFC}.Release|Any CPU.ActiveCfg = Release|Any CPU
		{D3A012FB-0B86-F2B4-3ADB-4A59D5E1CFFC}.Release|Any CPU.Build.0 = Release|Any CPU
		{E3A7C3D3-8DE8-D58C-B33C-A6E0E3C96401}.Debug|Any CPU.ActiveCfg = Debug|Any CPU
		{E3A7C3D3-8DE8-D58C-B33C-A6E0E3C96401}.Debug|Any CPU.Build.0 = Debug|Any CPU
		{E3A7C3D3-8DE8-D58C-B33C-A6E0E3C96401}.Release|Any CPU.ActiveCfg = Release|Any CPU
		{E3A7C3D3-8DE8-D58C-B33C-A6E0E3C96401}.Release|Any CPU.Build.0 = Release|Any CPU
		{6072443B-104B-4540-3E9F-0F5A8859983A}.Debug|Any CPU.ActiveCfg = Debug|Any CPU
		{6072443B-104B-4540-3E9F-0F5A8859983A}.Debug|Any CPU.Build.0 = Debug|Any CPU
		{6072443B-104B-4540-3E9F-0F5A8859983A}.Release|Any CPU.ActiveCfg = Release|Any CPU
		{6072443B-104B-4540-3E9F-0F5A8859983A}.Release|Any CPU.Build.0 = Release|Any CPU
		{DC80F627-09E9-7223-EEAD-A89D4EEAFD25}.Debug|Any CPU.ActiveCfg = Debug|Any CPU
		{DC80F627-09E9-7223-EEAD-A89D4EEAFD25}.Debug|Any CPU.Build.0 = Debug|Any CPU
		{DC80F627-09E9-7223-EEAD-A89D4EEAFD25}.Release|Any CPU.ActiveCfg = Release|Any CPU
		{DC80F627-09E9-7223-EEAD-A89D4EEAFD25}.Release|Any CPU.Build.0 = Release|Any CPU
		{749ECDF8-0116-96DD-87AB-1CDBE561B5B5}.Debug|Any CPU.ActiveCfg = Debug|Any CPU
		{749ECDF8-0116-96DD-87AB-1CDBE561B5B5}.Debug|Any CPU.Build.0 = Debug|Any CPU
		{749ECDF8-0116-96DD-87AB-1CDBE561B5B5}.Release|Any CPU.ActiveCfg = Release|Any CPU
		{749ECDF8-0116-96DD-87AB-1CDBE561B5B5}.Release|Any CPU.Build.0 = Release|Any CPU
		{FD5168FD-3AD0-3261-2E86-6A707FC31825}.Debug|Any CPU.ActiveCfg = Debug|Any CPU
		{FD5168FD-3AD0-3261-2E86-6A707FC31825}.Debug|Any CPU.Build.0 = Debug|Any CPU
		{FD5168FD-3AD0-3261-2E86-6A707FC31825}.Release|Any CPU.ActiveCfg = Release|Any CPU
		{FD5168FD-3AD0-3261-2E86-6A707FC31825}.Release|Any CPU.Build.0 = Release|Any CPU
		{B9855671-BCCE-78F6-DEAD-D33022BB204F}.Debug|Any CPU.ActiveCfg = Debug|Any CPU
		{B9855671-BCCE-78F6-DEAD-D33022BB204F}.Debug|Any CPU.Build.0 = Debug|Any CPU
		{B9855671-BCCE-78F6-DEAD-D33022BB204F}.Release|Any CPU.ActiveCfg = Release|Any CPU
		{B9855671-BCCE-78F6-DEAD-D33022BB204F}.Release|Any CPU.Build.0 = Release|Any CPU
		{F2CB2825-47FE-F672-8962-6BEDDBB0CDA3}.Debug|Any CPU.ActiveCfg = Debug|Any CPU
		{F2CB2825-47FE-F672-8962-6BEDDBB0CDA3}.Debug|Any CPU.Build.0 = Debug|Any CPU
		{F2CB2825-47FE-F672-8962-6BEDDBB0CDA3}.Release|Any CPU.ActiveCfg = Release|Any CPU
		{F2CB2825-47FE-F672-8962-6BEDDBB0CDA3}.Release|Any CPU.Build.0 = Release|Any CPU
		{C0FD19F8-DF91-9C1E-1A05-D8E199059134}.Debug|Any CPU.ActiveCfg = Debug|Any CPU
		{C0FD19F8-DF91-9C1E-1A05-D8E199059134}.Debug|Any CPU.Build.0 = Debug|Any CPU
		{C0FD19F8-DF91-9C1E-1A05-D8E199059134}.Release|Any CPU.ActiveCfg = Release|Any CPU
		{C0FD19F8-DF91-9C1E-1A05-D8E199059134}.Release|Any CPU.Build.0 = Release|Any CPU
		{9B44A204-CCC7-37F0-FCA8-A9C0695F60CF}.Debug|Any CPU.ActiveCfg = Debug|Any CPU
		{9B44A204-CCC7-37F0-FCA8-A9C0695F60CF}.Debug|Any CPU.Build.0 = Debug|Any CPU
		{9B44A204-CCC7-37F0-FCA8-A9C0695F60CF}.Release|Any CPU.ActiveCfg = Release|Any CPU
		{9B44A204-CCC7-37F0-FCA8-A9C0695F60CF}.Release|Any CPU.Build.0 = Release|Any CPU
		{63C166EA-6EC1-96DD-3D67-E5C567917BA9}.Debug|Any CPU.ActiveCfg = Debug|Any CPU
		{63C166EA-6EC1-96DD-3D67-E5C567917BA9}.Debug|Any CPU.Build.0 = Debug|Any CPU
		{63C166EA-6EC1-96DD-3D67-E5C567917BA9}.Release|Any CPU.ActiveCfg = Release|Any CPU
		{63C166EA-6EC1-96DD-3D67-E5C567917BA9}.Release|Any CPU.Build.0 = Release|Any CPU
		{1C54B8D5-41F4-808D-7FBD-E1596386E42D}.Debug|Any CPU.ActiveCfg = Debug|Any CPU
		{1C54B8D5-41F4-808D-7FBD-E1596386E42D}.Debug|Any CPU.Build.0 = Debug|Any CPU
		{1C54B8D5-41F4-808D-7FBD-E1596386E42D}.Release|Any CPU.ActiveCfg = Release|Any CPU
		{1C54B8D5-41F4-808D-7FBD-E1596386E42D}.Release|Any CPU.Build.0 = Release|Any CPU
		{649F970B-0964-6B50-A265-67092679B5F9}.Debug|Any CPU.ActiveCfg = Debug|Any CPU
		{649F970B-0964-6B50-A265-67092679B5F9}.Debug|Any CPU.Build.0 = Debug|Any CPU
		{649F970B-0964-6B50-A265-67092679B5F9}.Release|Any CPU.ActiveCfg = Release|Any CPU
		{649F970B-0964-6B50-A265-67092679B5F9}.Release|Any CPU.Build.0 = Release|Any CPU
		{FF37C9AC-72BE-9660-E219-B39FDC0D4207}.Debug|Any CPU.ActiveCfg = Debug|Any CPU
		{FF37C9AC-72BE-9660-E219-B39FDC0D4207}.Debug|Any CPU.Build.0 = Debug|Any CPU
		{FF37C9AC-72BE-9660-E219-B39FDC0D4207}.Release|Any CPU.ActiveCfg = Release|Any CPU
		{FF37C9AC-72BE-9660-E219-B39FDC0D4207}.Release|Any CPU.Build.0 = Release|Any CPU
		{6282A4ED-D704-577B-95D3-F3C55C2E62C6}.Debug|Any CPU.ActiveCfg = Debug|Any CPU
		{6282A4ED-D704-577B-95D3-F3C55C2E62C6}.Debug|Any CPU.Build.0 = Debug|Any CPU
		{6282A4ED-D704-577B-95D3-F3C55C2E62C6}.Release|Any CPU.ActiveCfg = Release|Any CPU
		{6282A4ED-D704-577B-95D3-F3C55C2E62C6}.Release|Any CPU.Build.0 = Release|Any CPU
		{8588DB26-F07A-FA54-2D8E-6C26E0D81B78}.Debug|Any CPU.ActiveCfg = Debug|Any CPU
		{8588DB26-F07A-FA54-2D8E-6C26E0D81B78}.Debug|Any CPU.Build.0 = Debug|Any CPU
		{8588DB26-F07A-FA54-2D8E-6C26E0D81B78}.Release|Any CPU.ActiveCfg = Release|Any CPU
		{8588DB26-F07A-FA54-2D8E-6C26E0D81B78}.Release|Any CPU.Build.0 = Release|Any CPU
	EndGlobalSection
	GlobalSection(SolutionProperties) = preSolution
		HideSolutionNode = FALSE
	EndGlobalSection
EndGlobal
